
Microsoft Visual Studio Solution File, Format Version 10.00
# Visual Studio 2008
Project("{FAE04EC0-301F-11D3-BF4B-00C04F79EFBC}") = "WpfApp2", "WpfApp2.csproj", "{A3491FA1-198B-4AA1-AFF1-568CD4716ECC}"
EndProject
Project("{FAE04EC0-301F-11D3-BF4B-00C04F79EFBC}") = "WpfApp1", "..\WpfApp\WpfApp1\WpfApp1.csproj", "{0CE37115-FF9A-4224-A193-4C9CE94E72A7}"
EndProject
Global
	GlobalSection(SolutionConfigurationPlatforms) = preSolution
		Debug|Any CPU = Debug|Any CPU
		Release|Any CPU = Release|Any CPU
	EndGlobalSection
	GlobalSection(ProjectConfigurationPlatforms) = postSolution
		{A3491FA1-198B-4AA1-AFF1-568CD4716ECC}.Debug|Any CPU.ActiveCfg = Debug|Any CPU
		{A3491FA1-198B-4AA1-AFF1-568CD4716ECC}.Debug|Any CPU.Build.0 = Debug|Any CPU
		{A3491FA1-198B-4AA1-AFF1-568CD4716ECC}.Release|Any CPU.ActiveCfg = Release|Any CPU
		{A3491FA1-198B-4AA1-AFF1-568CD4716ECC}.Release|Any CPU.Build.0 = Release|Any CPU
		{0CE37115-FF9A-4224-A193-4C9CE94E72A7}.Debug|Any CPU.ActiveCfg = Debug|Any CPU
		{0CE37115-FF9A-4224-A193-4C9CE94E72A7}.Debug|Any CPU.Build.0 = Debug|Any CPU
		{0CE37115-FF9A-4224-A193-4C9CE94E72A7}.Release|Any CPU.ActiveCfg = Release|Any CPU
		{0CE37115-FF9A-4224-A193-4C9CE94E72A7}.Release|Any CPU.Build.0 = Release|Any CPU
	EndGlobalSection
	GlobalSection(SolutionProperties) = preSolution
		HideSolutionNode = FALSE
	EndGlobalSection
EndGlobal
